
Microsoft Visual Studio Solution File, Format Version 12.00
Project("{FAE04EC0-301F-11D3-BF4B-00C04F79EFBC}") = "EFCoreAssi3", "EFCoreAssi3\EFCoreAssi3.csproj", "{C5976BA2-26C1-41B2-ABDD-D52AAE7D4CEB}"
EndProject
Global
	GlobalSection(SolutionConfigurationPlatforms) = preSolution
		Debug|Any CPU = Debug|Any CPU
		Release|Any CPU = Release|Any CPU
	EndGlobalSection
	GlobalSection(ProjectConfigurationPlatforms) = postSolution
		{C5976BA2-26C1-41B2-ABDD-D52AAE7D4CEB}.Debug|Any CPU.ActiveCfg = Debug|Any CPU
		{C5976BA2-26C1-41B2-ABDD-D52AAE7D4CEB}.Debug|Any CPU.Build.0 = Debug|Any CPU
		{C5976BA2-26C1-41B2-ABDD-D52AAE7D4CEB}.Release|Any CPU.ActiveCfg = Release|Any CPU
		{C5976BA2-26C1-41B2-ABDD-D52AAE7D4CEB}.Release|Any CPU.Build.0 = Release|Any CPU
	EndGlobalSection
EndGlobal
